
Microsoft Visual Studio Solution File, Format Version 12.00
# Visual Studio Version 17
VisualStudioVersion = 17.0.31903.59
MinimumVisualStudioVersion = 10.0.40219.1
Project("{FAE04EC0-301F-11D3-BF4B-00C04F79EFBC}") = "Deployment.Domain", "Deployment.Domain\Deployment.Domain.csproj", "{64BC4253-93E5-479D-870F-965A35F07879}"
EndProject
Project("{FAE04EC0-301F-11D3-BF4B-00C04F79EFBC}") = "Deployment.Contracts", "Deployment.Contracts\Deployment.Contracts.csproj", "{0DE5CBBE-3452-4802-940F-0C8F53A070DB}"
EndProject
Project("{FAE04EC0-301F-11D3-BF4B-00C04F79EFBC}") = "Deployment.Application", "Deployment.Application\Deployment.Application.csproj", "{0CEE5FBE-7F48-44AE-8461-692241A2E5D4}"
EndProject
Project("{FAE04EC0-301F-11D3-BF4B-00C04F79EFBC}") = "Deployment.Infrastructure", "Deployment.Infrastructure\Deployment.Infrastructure.csproj", "{826D4A21-7F59-4E05-9EBB-254473D802CE}"
EndProject
Project("{FAE04EC0-301F-11D3-BF4B-00C04F79EFBC}") = "Deployment.Api", "Deployment.Api\Deployment.Api.csproj", "{B1BD1BD9-2BD1-4B1E-85AE-EC19CB672318}"
EndProject
Project("{2150E333-8FDC-42A3-9474-1A3956D46DE8}") = "tests", "tests", "{0AB3BF05-4346-4AA6-1389-037BE0695223}"
EndProject
Project("{FAE04EC0-301F-11D3-BF4B-00C04F79EFBC}") = "Deployment.Domain.Tests", "tests\Deployment.Domain.Tests\Deployment.Domain.Tests.csproj", "{BD589107-B108-408F-87E2-B5AB0D7FBF70}"
EndProject
Project("{FAE04EC0-301F-11D3-BF4B-00C04F79EFBC}") = "Deployment.Application.Tests", "tests\Deployment.Application.Tests\Deployment.Application.Tests.csproj", "{A9D25FAC-7B01-4E07-BEFA-08E1F9359822}"
EndProject
Project("{FAE04EC0-301F-11D3-BF4B-00C04F79EFBC}") = "Deployment.Infrastructure.Tests", "tests\Deployment.Infrastructure.Tests\Deployment.Infrastructure.Tests.csproj", "{474C749A-8386-4FFD-B56C-E963B72535AC}"
EndProject
Global
	GlobalSection(SolutionConfigurationPlatforms) = preSolution
		Debug|Any CPU = Debug|Any CPU
		Debug|x64 = Debug|x64
		Debug|x86 = Debug|x86
		Release|Any CPU = Release|Any CPU
		Release|x64 = Release|x64
		Release|x86 = Release|x86
	EndGlobalSection
	GlobalSection(ProjectConfigurationPlatforms) = postSolution
		{64BC4253-93E5-479D-870F-965A35F07879}.Debug|Any CPU.ActiveCfg = Debug|Any CPU
		{64BC4253-93E5-479D-870F-965A35F07879}.Debug|Any CPU.Build.0 = Debug|Any CPU
		{64BC4253-93E5-479D-870F-965A35F07879}.Debug|x64.ActiveCfg = Debug|Any CPU
		{64BC4253-93E5-479D-870F-965A35F07879}.Debug|x64.Build.0 = Debug|Any CPU
		{64BC4253-93E5-479D-870F-965A35F07879}.Debug|x86.ActiveCfg = Debug|Any CPU
		{64BC4253-93E5-479D-870F-965A35F07879}.Debug|x86.Build.0 = Debug|Any CPU
		{64BC4253-93E5-479D-870F-965A35F07879}.Release|Any CPU.ActiveCfg = Release|Any CPU
		{64BC4253-93E5-479D-870F-965A35F07879}.Release|Any CPU.Build.0 = Release|Any CPU
		{64BC4253-93E5-479D-870F-965A35F07879}.Release|x64.ActiveCfg = Release|Any CPU
		{64BC4253-93E5-479D-870F-965A35F07879}.Release|x64.Build.0 = Release|Any CPU
		{64BC4253-93E5-479D-870F-965A35F07879}.Release|x86.ActiveCfg = Release|Any CPU
		{64BC4253-93E5-479D-870F-965A35F07879}.Release|x86.Build.0 = Release|Any CPU
		{0DE5CBBE-3452-4802-940F-0C8F53A070DB}.Debug|Any CPU.ActiveCfg = Debug|Any CPU
		{0DE5CBBE-3452-4802-940F-0C8F53A070DB}.Debug|Any CPU.Build.0 = Debug|Any CPU
		{0DE5CBBE-3452-4802-940F-0C8F53A070DB}.Debug|x64.ActiveCfg = Debug|Any CPU
		{0DE5CBBE-3452-4802-940F-0C8F53A070DB}.Debug|x64.Build.0 = Debug|Any CPU
		{0DE5CBBE-3452-4802-940F-0C8F53A070DB}.Debug|x86.ActiveCfg = Debug|Any CPU
		{0DE5CBBE-3452-4802-940F-0C8F53A070DB}.Debug|x86.Build.0 = Debug|Any CPU
		{0DE5CBBE-3452-4802-940F-0C8F53A070DB}.Release|Any CPU.ActiveCfg = Release|Any CPU
		{0DE5CBBE-3452-4802-940F-0C8F53A070DB}.Release|Any CPU.Build.0 = Release|Any CPU
		{0DE5CBBE-3452-4802-940F-0C8F53A070DB}.Release|x64.ActiveCfg = Release|Any CPU
		{0DE5CBBE-3452-4802-940F-0C8F53A070DB}.Release|x64.Build.0 = Release|Any CPU
		{0DE5CBBE-3452-4802-940F-0C8F53A070DB}.Release|x86.ActiveCfg = Release|Any CPU
		{0DE5CBBE-3452-4802-940F-0C8F53A070DB}.Release|x86.Build.0 = Release|Any CPU
		{0CEE5FBE-7F48-44AE-8461-692241A2E5D4}.Debug|Any CPU.ActiveCfg = Debug|Any CPU
		{0CEE5FBE-7F48-44AE-8461-692241A2E5D4}.Debug|Any CPU.Build.0 = Debug|Any CPU
		{0CEE5FBE-7F48-44AE-8461-692241A2E5D4}.Debug|x64.ActiveCfg = Debug|Any CPU
		{0CEE5FBE-7F48-44AE-8461-692241A2E5D4}.Debug|x64.Build.0 = Debug|Any CPU
		{0CEE5FBE-7F48-44AE-8461-692241A2E5D4}.Debug|x86.ActiveCfg = Debug|Any CPU
		{0CEE5FBE-7F48-44AE-8461-692241A2E5D4}.Debug|x86.Build.0 = Debug|Any CPU
		{0CEE5FBE-7F48-44AE-8461-692241A2E5D4}.Release|Any CPU.ActiveCfg = Release|Any CPU
		{0CEE5FBE-7F48-44AE-8461-692241A2E5D4}.Release|Any CPU.Build.0 = Release|Any CPU
		{0CEE5FBE-7F48-44AE-8461-692241A2E5D4}.Release|x64.ActiveCfg = Release|Any CPU
		{0CEE5FBE-7F48-44AE-8461-692241A2E5D4}.Release|x64.Build.0 = Release|Any CPU
		{0CEE5FBE-7F48-44AE-8461-692241A2E5D4}.Release|x86.ActiveCfg = Release|Any CPU
		{0CEE5FBE-7F48-44AE-8461-692241A2E5D4}.Release|x86.Build.0 = Release|Any CPU
		{826D4A21-7F59-4E05-9EBB-254473D802CE}.Debug|Any CPU.ActiveCfg = Debug|Any CPU
		{826D4A21-7F59-4E05-9EBB-254473D802CE}.Debug|Any CPU.Build.0 = Debug|Any CPU
		{826D4A21-7F59-4E05-9EBB-254473D802CE}.Debug|x64.ActiveCfg = Debug|Any CPU
		{826D4A21-7F59-4E05-9EBB-254473D802CE}.Debug|x64.Build.0 = Debug|Any CPU
		{826D4A21-7F59-4E05-9EBB-254473D802CE}.Debug|x86.ActiveCfg = Debug|Any CPU
		{826D4A21-7F59-4E05-9EBB-254473D802CE}.Debug|x86.Build.0 = Debug|Any CPU
		{826D4A21-7F59-4E05-9EBB-254473D802CE}.Release|Any CPU.ActiveCfg = Release|Any CPU
		{826D4A21-7F59-4E05-9EBB-254473D802CE}.Release|Any CPU.Build.0 = Release|Any CPU
		{826D4A21-7F59-4E05-9EBB-254473D802CE}.Release|x64.ActiveCfg = Release|Any CPU
		{826D4A21-7F59-4E05-9EBB-254473D802CE}.Release|x64.Build.0 = Release|Any CPU
		{826D4A21-7F59-4E05-9EBB-254473D802CE}.Release|x86.ActiveCfg = Release|Any CPU
		{826D4A21-7F59-4E05-9EBB-254473D802CE}.Release|x86.Build.0 = Release|Any CPU
		{B1BD1BD9-2BD1-4B1E-85AE-EC19CB672318}.Debug|Any CPU.ActiveCfg = Debug|Any CPU
		{B1BD1BD9-2BD1-4B1E-85AE-EC19CB672318}.Debug|Any CPU.Build.0 = Debug|Any CPU
		{B1BD1BD9-2BD1-4B1E-85AE-EC19CB672318}.Debug|x64.ActiveCfg = Debug|Any CPU
		{B1BD1BD9-2BD1-4B1E-85AE-EC19CB672318}.Debug|x64.Build.0 = Debug|Any CPU
		{B1BD1BD9-2BD1-4B1E-85AE-EC19CB672318}.Debug|x86.ActiveCfg = Debug|Any CPU
		{B1BD1BD9-2BD1-4B1E-85AE-EC19CB672318}.Debug|x86.Build.0 = Debug|Any CPU
		{B1BD1BD9-2BD1-4B1E-85AE-EC19CB672318}.Release|Any CPU.ActiveCfg = Release|Any CPU
		{B1BD1BD9-2BD1-4B1E-85AE-EC19CB672318}.Release|Any CPU.Build.0 = Release|Any CPU
		{B1BD1BD9-2BD1-4B1E-85AE-EC19CB672318}.Release|x64.ActiveCfg = Release|Any CPU
		{B1BD1BD9-2BD1-4B1E-85AE-EC19CB672318}.Release|x64.Build.0 = Release|Any CPU
		{B1BD1BD9-2BD1-4B1E-85AE-EC19CB672318}.Release|x86.ActiveCfg = Release|Any CPU
		{B1BD1BD9-2BD1-4B1E-85AE-EC19CB672318}.Release|x86.Build.0 = Release|Any CPU
		{BD589107-B108-408F-87E2-B5AB0D7FBF70}.Debug|Any CPU.ActiveCfg = Debug|Any CPU
		{BD589107-B108-408F-87E2-B5AB0D7FBF70}.Debug|Any CPU.Build.0 = Debug|Any CPU
		{BD589107-B108-408F-87E2-B5AB0D7FBF70}.Debug|x64.ActiveCfg = Debug|Any CPU
		{BD589107-B108-408F-87E2-B5AB0D7FBF70}.Debug|x64.Build.0 = Debug|Any CPU
		{BD589107-B108-408F-87E2-B5AB0D7FBF70}.Debug|x86.ActiveCfg = Debug|Any CPU
		{BD589107-B108-408F-87E2-B5AB0D7FBF70}.Debug|x86.Build.0 = Debug|Any CPU
		{BD589107-B108-408F-87E2-B5AB0D7FBF70}.Release|Any CPU.ActiveCfg = Release|Any CPU
		{BD589107-B108-408F-87E2-B5AB0D7FBF70}.Release|Any CPU.Build.0 = Release|Any CPU
		{BD589107-B108-408F-87E2-B5AB0D7FBF70}.Release|x64.ActiveCfg = Release|Any CPU
		{BD589107-B108-408F-87E2-B5AB0D7FBF70}.Release|x64.Build.0 = Release|Any CPU
		{BD589107-B108-408F-87E2-B5AB0D7FBF70}.Release|x86.ActiveCfg = Release|Any CPU
		{BD589107-B108-408F-87E2-B5AB0D7FBF70}.Release|x86.Build.0 = Release|Any CPU
		{A9D25FAC-7B01-4E07-BEFA-08E1F9359822}.Debug|Any CPU.ActiveCfg = Debug|Any CPU
		{A9D25FAC-7B01-4E07-BEFA-08E1F9359822}.Debug|Any CPU.Build.0 = Debug|Any CPU
		{A9D25FAC-7B01-4E07-BEFA-08E1F9359822}.Debug|x64.ActiveCfg = Debug|Any CPU
		{A9D25FAC-7B01-4E07-BEFA-08E1F9359822}.Debug|x64.Build.0 = Debug|Any CPU
		{A9D25FAC-7B01-4E07-BEFA-08E1F9359822}.Debug|x86.ActiveCfg = Debug|Any CPU
		{A9D25FAC-7B01-4E07-BEFA-08E1F9359822}.Debug|x86.Build.0 = Debug|Any CPU
		{A9D25FAC-7B01-4E07-BEFA-08E1F9359822}.Release|Any CPU.ActiveCfg = Release|Any CPU
		{A9D25FAC-7B01-4E07-BEFA-08E1F9359822}.Release|Any CPU.Build.0 = Release|Any CPU
		{A9D25FAC-7B01-4E07-BEFA-08E1F9359822}.Release|x64.ActiveCfg = Release|Any CPU
		{A9D25FAC-7B01-4E07-BEFA-08E1F9359822}.Release|x64.Build.0 = Release|Any CPU
		{A9D25FAC-7B01-4E07-BEFA-08E1F9359822}.Release|x86.ActiveCfg = Release|Any CPU
		{A9D25FAC-7B01-4E07-BEFA-08E1F9359822}.Release|x86.Build.0 = Release|Any CPU
		{474C749A-8386-4FFD-B56C-E963B72535AC}.Debug|Any CPU.ActiveCfg = Debug|Any CPU
		{474C749A-8386-4FFD-B56C-E963B72535AC}.Debug|Any CPU.Build.0 = Debug|Any CPU
		{474C749A-8386-4FFD-B56C-E963B72535AC}.Debug|x64.ActiveCfg = Debug|Any CPU
		{474C749A-8386-4FFD-B56C-E963B72535AC}.Debug|x64.Build.0 = Debug|Any CPU
		{474C749A-8386-4FFD-B56C-E963B72535AC}.Debug|x86.ActiveCfg = Debug|Any CPU
		{474C749A-8386-4FFD-B56C-E963B72535AC}.Debug|x86.Build.0 = Debug|Any CPU
		{474C749A-8386-4FFD-B56C-E963B72535AC}.Release|Any CPU.ActiveCfg = Release|Any CPU
		{474C749A-8386-4FFD-B56C-E963B72535AC}.Release|Any CPU.Build.0 = Release|Any CPU
		{474C749A-8386-4FFD-B56C-E963B72535AC}.Release|x64.ActiveCfg = Release|Any CPU
		{474C749A-8386-4FFD-B56C-E963B72535AC}.Release|x64.Build.0 = Release|Any CPU
		{474C749A-8386-4FFD-B56C-E963B72535AC}.Release|x86.ActiveCfg = Release|Any CPU
		{474C749A-8386-4FFD-B56C-E963B72535AC}.Release|x86.Build.0 = Release|Any CPU
	EndGlobalSection
	GlobalSection(SolutionProperties) = preSolution
		HideSolutionNode = FALSE
	EndGlobalSection
	GlobalSection(NestedProjects) = preSolution
		{BD589107-B108-408F-87E2-B5AB0D7FBF70} = {0AB3BF05-4346-4AA6-1389-037BE0695223}
		{A9D25FAC-7B01-4E07-BEFA-08E1F9359822} = {0AB3BF05-4346-4AA6-1389-037BE0695223}
		{474C749A-8386-4FFD-B56C-E963B72535AC} = {0AB3BF05-4346-4AA6-1389-037BE0695223}
	EndGlobalSection
EndGlobal
