
Microsoft Visual Studio Solution File, Format Version 12.00
# Visual Studio Version 17
VisualStudioVersion = 17.0.31903.59
MinimumVisualStudioVersion = 10.0.40219.1
Project("{FAE04EC0-301F-11D3-BF4B-00C04F79EFBC}") = "Publisher.Domain", "Publisher.Domain\Publisher.Domain.csproj", "{BD45490A-0B91-4C62-9757-D9DA4FF2DDF7}"
EndProject
Project("{FAE04EC0-301F-11D3-BF4B-00C04F79EFBC}") = "Publisher.Contracts", "Publisher.Contracts\Publisher.Contracts.csproj", "{27772EE0-E908-4E29-ADEF-B2707A2512C6}"
EndProject
Project("{FAE04EC0-301F-11D3-BF4B-00C04F79EFBC}") = "Publisher.Application", "Publisher.Application\Publisher.Application.csproj", "{A5B73EBE-F15C-4BC1-AAB8-88335E96DAD0}"
EndProject
Project("{FAE04EC0-301F-11D3-BF4B-00C04F79EFBC}") = "Cicd.IntegrationEvents", "..\shared\Cicd.IntegrationEvents\Cicd.IntegrationEvents.csproj", "{684BBD69-AE71-4A4F-A38F-69147E4D0411}"
EndProject
Project("{FAE04EC0-301F-11D3-BF4B-00C04F79EFBC}") = "Publisher.Infrastructure", "Publisher.Infrastructure\Publisher.Infrastructure.csproj", "{B0776975-6222-4DF5-8755-A584A0D8AD20}"
EndProject
Project("{FAE04EC0-301F-11D3-BF4B-00C04F79EFBC}") = "Publisher.Api", "Publisher.Api\Publisher.Api.csproj", "{CA95EC3C-074A-4D18-BD04-6E2C7D032AE4}"
EndProject
Project("{FAE04EC0-301F-11D3-BF4B-00C04F79EFBC}") = "Cicd.Aspire.ServiceDefaults", "..\Aspire\Cicd.Aspire.ServiceDefaults\Cicd.Aspire.ServiceDefaults.csproj", "{9553628D-E0B2-44AA-88E8-079BFD197750}"
EndProject
Project("{FAE04EC0-301F-11D3-BF4B-00C04F79EFBC}") = "Cicd.Messaging", "..\shared\Cicd.Messaging\Cicd.Messaging.csproj", "{04CFBF60-39A2-45D0-80C6-F122D04EB186}"
EndProject
Global
	GlobalSection(SolutionConfigurationPlatforms) = preSolution
		Debug|Any CPU = Debug|Any CPU
		Debug|x64 = Debug|x64
		Debug|x86 = Debug|x86
		Release|Any CPU = Release|Any CPU
		Release|x64 = Release|x64
		Release|x86 = Release|x86
	EndGlobalSection
	GlobalSection(ProjectConfigurationPlatforms) = postSolution
		{BD45490A-0B91-4C62-9757-D9DA4FF2DDF7}.Debug|Any CPU.ActiveCfg = Debug|Any CPU
		{BD45490A-0B91-4C62-9757-D9DA4FF2DDF7}.Debug|Any CPU.Build.0 = Debug|Any CPU
		{BD45490A-0B91-4C62-9757-D9DA4FF2DDF7}.Debug|x64.ActiveCfg = Debug|Any CPU
		{BD45490A-0B91-4C62-9757-D9DA4FF2DDF7}.Debug|x64.Build.0 = Debug|Any CPU
		{BD45490A-0B91-4C62-9757-D9DA4FF2DDF7}.Debug|x86.ActiveCfg = Debug|Any CPU
		{BD45490A-0B91-4C62-9757-D9DA4FF2DDF7}.Debug|x86.Build.0 = Debug|Any CPU
		{BD45490A-0B91-4C62-9757-D9DA4FF2DDF7}.Release|Any CPU.ActiveCfg = Release|Any CPU
		{BD45490A-0B91-4C62-9757-D9DA4FF2DDF7}.Release|Any CPU.Build.0 = Release|Any CPU
		{BD45490A-0B91-4C62-9757-D9DA4FF2DDF7}.Release|x64.ActiveCfg = Release|Any CPU
		{BD45490A-0B91-4C62-9757-D9DA4FF2DDF7}.Release|x64.Build.0 = Release|Any CPU
		{BD45490A-0B91-4C62-9757-D9DA4FF2DDF7}.Release|x86.ActiveCfg = Release|Any CPU
		{BD45490A-0B91-4C62-9757-D9DA4FF2DDF7}.Release|x86.Build.0 = Release|Any CPU
		{27772EE0-E908-4E29-ADEF-B2707A2512C6}.Debug|Any CPU.ActiveCfg = Debug|Any CPU
		{27772EE0-E908-4E29-ADEF-B2707A2512C6}.Debug|Any CPU.Build.0 = Debug|Any CPU
		{27772EE0-E908-4E29-ADEF-B2707A2512C6}.Debug|x64.ActiveCfg = Debug|Any CPU
		{27772EE0-E908-4E29-ADEF-B2707A2512C6}.Debug|x64.Build.0 = Debug|Any CPU
		{27772EE0-E908-4E29-ADEF-B2707A2512C6}.Debug|x86.ActiveCfg = Debug|Any CPU
		{27772EE0-E908-4E29-ADEF-B2707A2512C6}.Debug|x86.Build.0 = Debug|Any CPU
		{27772EE0-E908-4E29-ADEF-B2707A2512C6}.Release|Any CPU.ActiveCfg = Release|Any CPU
		{27772EE0-E908-4E29-ADEF-B2707A2512C6}.Release|Any CPU.Build.0 = Release|Any CPU
		{27772EE0-E908-4E29-ADEF-B2707A2512C6}.Release|x64.ActiveCfg = Release|Any CPU
		{27772EE0-E908-4E29-ADEF-B2707A2512C6}.Release|x64.Build.0 = Release|Any CPU
		{27772EE0-E908-4E29-ADEF-B2707A2512C6}.Release|x86.ActiveCfg = Release|Any CPU
		{27772EE0-E908-4E29-ADEF-B2707A2512C6}.Release|x86.Build.0 = Release|Any CPU
		{A5B73EBE-F15C-4BC1-AAB8-88335E96DAD0}.Debug|Any CPU.ActiveCfg = Debug|Any CPU
		{A5B73EBE-F15C-4BC1-AAB8-88335E96DAD0}.Debug|Any CPU.Build.0 = Debug|Any CPU
		{A5B73EBE-F15C-4BC1-AAB8-88335E96DAD0}.Debug|x64.ActiveCfg = Debug|Any CPU
		{A5B73EBE-F15C-4BC1-AAB8-88335E96DAD0}.Debug|x64.Build.0 = Debug|Any CPU
		{A5B73EBE-F15C-4BC1-AAB8-88335E96DAD0}.Debug|x86.ActiveCfg = Debug|Any CPU
		{A5B73EBE-F15C-4BC1-AAB8-88335E96DAD0}.Debug|x86.Build.0 = Debug|Any CPU
		{A5B73EBE-F15C-4BC1-AAB8-88335E96DAD0}.Release|Any CPU.ActiveCfg = Release|Any CPU
		{A5B73EBE-F15C-4BC1-AAB8-88335E96DAD0}.Release|Any CPU.Build.0 = Release|Any CPU
		{A5B73EBE-F15C-4BC1-AAB8-88335E96DAD0}.Release|x64.ActiveCfg = Release|Any CPU
		{A5B73EBE-F15C-4BC1-AAB8-88335E96DAD0}.Release|x64.Build.0 = Release|Any CPU
		{A5B73EBE-F15C-4BC1-AAB8-88335E96DAD0}.Release|x86.ActiveCfg = Release|Any CPU
		{A5B73EBE-F15C-4BC1-AAB8-88335E96DAD0}.Release|x86.Build.0 = Release|Any CPU
		{684BBD69-AE71-4A4F-A38F-69147E4D0411}.Debug|Any CPU.ActiveCfg = Debug|Any CPU
		{684BBD69-AE71-4A4F-A38F-69147E4D0411}.Debug|Any CPU.Build.0 = Debug|Any CPU
		{684BBD69-AE71-4A4F-A38F-69147E4D0411}.Debug|x64.ActiveCfg = Debug|Any CPU
		{684BBD69-AE71-4A4F-A38F-69147E4D0411}.Debug|x64.Build.0 = Debug|Any CPU
		{684BBD69-AE71-4A4F-A38F-69147E4D0411}.Debug|x86.ActiveCfg = Debug|Any CPU
		{684BBD69-AE71-4A4F-A38F-69147E4D0411}.Debug|x86.Build.0 = Debug|Any CPU
		{684BBD69-AE71-4A4F-A38F-69147E4D0411}.Release|Any CPU.ActiveCfg = Release|Any CPU
		{684BBD69-AE71-4A4F-A38F-69147E4D0411}.Release|Any CPU.Build.0 = Release|Any CPU
		{684BBD69-AE71-4A4F-A38F-69147E4D0411}.Release|x64.ActiveCfg = Release|Any CPU
		{684BBD69-AE71-4A4F-A38F-69147E4D0411}.Release|x64.Build.0 = Release|Any CPU
		{684BBD69-AE71-4A4F-A38F-69147E4D0411}.Release|x86.ActiveCfg = Release|Any CPU
		{684BBD69-AE71-4A4F-A38F-69147E4D0411}.Release|x86.Build.0 = Release|Any CPU
		{B0776975-6222-4DF5-8755-A584A0D8AD20}.Debug|Any CPU.ActiveCfg = Debug|Any CPU
		{B0776975-6222-4DF5-8755-A584A0D8AD20}.Debug|Any CPU.Build.0 = Debug|Any CPU
		{B0776975-6222-4DF5-8755-A584A0D8AD20}.Debug|x64.ActiveCfg = Debug|Any CPU
		{B0776975-6222-4DF5-8755-A584A0D8AD20}.Debug|x64.Build.0 = Debug|Any CPU
		{B0776975-6222-4DF5-8755-A584A0D8AD20}.Debug|x86.ActiveCfg = Debug|Any CPU
		{B0776975-6222-4DF5-8755-A584A0D8AD20}.Debug|x86.Build.0 = Debug|Any CPU
		{B0776975-6222-4DF5-8755-A584A0D8AD20}.Release|Any CPU.ActiveCfg = Release|Any CPU
		{B0776975-6222-4DF5-8755-A584A0D8AD20}.Release|Any CPU.Build.0 = Release|Any CPU
		{B0776975-6222-4DF5-8755-A584A0D8AD20}.Release|x64.ActiveCfg = Release|Any CPU
		{B0776975-6222-4DF5-8755-A584A0D8AD20}.Release|x64.Build.0 = Release|Any CPU
		{B0776975-6222-4DF5-8755-A584A0D8AD20}.Release|x86.ActiveCfg = Release|Any CPU
		{B0776975-6222-4DF5-8755-A584A0D8AD20}.Release|x86.Build.0 = Release|Any CPU
		{CA95EC3C-074A-4D18-BD04-6E2C7D032AE4}.Debug|Any CPU.ActiveCfg = Debug|Any CPU
		{CA95EC3C-074A-4D18-BD04-6E2C7D032AE4}.Debug|Any CPU.Build.0 = Debug|Any CPU
		{CA95EC3C-074A-4D18-BD04-6E2C7D032AE4}.Debug|x64.ActiveCfg = Debug|Any CPU
		{CA95EC3C-074A-4D18-BD04-6E2C7D032AE4}.Debug|x64.Build.0 = Debug|Any CPU
		{CA95EC3C-074A-4D18-BD04-6E2C7D032AE4}.Debug|x86.ActiveCfg = Debug|Any CPU
		{CA95EC3C-074A-4D18-BD04-6E2C7D032AE4}.Debug|x86.Build.0 = Debug|Any CPU
		{CA95EC3C-074A-4D18-BD04-6E2C7D032AE4}.Release|Any CPU.ActiveCfg = Release|Any CPU
		{CA95EC3C-074A-4D18-BD04-6E2C7D032AE4}.Release|Any CPU.Build.0 = Release|Any CPU
		{CA95EC3C-074A-4D18-BD04-6E2C7D032AE4}.Release|x64.ActiveCfg = Release|Any CPU
		{CA95EC3C-074A-4D18-BD04-6E2C7D032AE4}.Release|x64.Build.0 = Release|Any CPU
		{CA95EC3C-074A-4D18-BD04-6E2C7D032AE4}.Release|x86.ActiveCfg = Release|Any CPU
		{CA95EC3C-074A-4D18-BD04-6E2C7D032AE4}.Release|x86.Build.0 = Release|Any CPU
		{9553628D-E0B2-44AA-88E8-079BFD197750}.Debug|Any CPU.ActiveCfg = Debug|Any CPU
		{9553628D-E0B2-44AA-88E8-079BFD197750}.Debug|Any CPU.Build.0 = Debug|Any CPU
		{9553628D-E0B2-44AA-88E8-079BFD197750}.Debug|x64.ActiveCfg = Debug|Any CPU
		{9553628D-E0B2-44AA-88E8-079BFD197750}.Debug|x64.Build.0 = Debug|Any CPU
		{9553628D-E0B2-44AA-88E8-079BFD197750}.Debug|x86.ActiveCfg = Debug|Any CPU
		{9553628D-E0B2-44AA-88E8-079BFD197750}.Debug|x86.Build.0 = Debug|Any CPU
		{9553628D-E0B2-44AA-88E8-079BFD197750}.Release|Any CPU.ActiveCfg = Release|Any CPU
		{9553628D-E0B2-44AA-88E8-079BFD197750}.Release|Any CPU.Build.0 = Release|Any CPU
		{9553628D-E0B2-44AA-88E8-079BFD197750}.Release|x64.ActiveCfg = Release|Any CPU
		{9553628D-E0B2-44AA-88E8-079BFD197750}.Release|x64.Build.0 = Release|Any CPU
		{9553628D-E0B2-44AA-88E8-079BFD197750}.Release|x86.ActiveCfg = Release|Any CPU
		{9553628D-E0B2-44AA-88E8-079BFD197750}.Release|x86.Build.0 = Release|Any CPU
		{04CFBF60-39A2-45D0-80C6-F122D04EB186}.Debug|Any CPU.ActiveCfg = Debug|Any CPU
		{04CFBF60-39A2-45D0-80C6-F122D04EB186}.Debug|Any CPU.Build.0 = Debug|Any CPU
		{04CFBF60-39A2-45D0-80C6-F122D04EB186}.Debug|x64.ActiveCfg = Debug|Any CPU
		{04CFBF60-39A2-45D0-80C6-F122D04EB186}.Debug|x64.Build.0 = Debug|Any CPU
		{04CFBF60-39A2-45D0-80C6-F122D04EB186}.Debug|x86.ActiveCfg = Debug|Any CPU
		{04CFBF60-39A2-45D0-80C6-F122D04EB186}.Debug|x86.Build.0 = Debug|Any CPU
		{04CFBF60-39A2-45D0-80C6-F122D04EB186}.Release|Any CPU.ActiveCfg = Release|Any CPU
		{04CFBF60-39A2-45D0-80C6-F122D04EB186}.Release|Any CPU.Build.0 = Release|Any CPU
		{04CFBF60-39A2-45D0-80C6-F122D04EB186}.Release|x64.ActiveCfg = Release|Any CPU
		{04CFBF60-39A2-45D0-80C6-F122D04EB186}.Release|x64.Build.0 = Release|Any CPU
		{04CFBF60-39A2-45D0-80C6-F122D04EB186}.Release|x86.ActiveCfg = Release|Any CPU
		{04CFBF60-39A2-45D0-80C6-F122D04EB186}.Release|x86.Build.0 = Release|Any CPU
	EndGlobalSection
	GlobalSection(SolutionProperties) = preSolution
		HideSolutionNode = FALSE
	EndGlobalSection
EndGlobal
